
Microsoft Visual Studio Solution File, Format Version 12.00
# Visual Studio 14
VisualStudioVersion = 14.0.23107.0
MinimumVisualStudioVersion = 10.0.40219.1
Project("{2150E333-8FDC-42A3-9474-1A3956D46DE8}") = "Tests", "Tests", "{F0614080-164C-432D-A632-6175FA27B1E5}"
EndProject
Project("{2150E333-8FDC-42A3-9474-1A3956D46DE8}") = "Plugins", "Plugins", "{83172D06-C380-4A35-A7D2-AB5528EABF82}"
EndProject
Project("{2150E333-8FDC-42A3-9474-1A3956D46DE8}") = "3rd Party", "3rd Party", "{21F66853-0A3A-44D5-A1E7-CB80792B60C6}"
EndProject
Project("{2150E333-8FDC-42A3-9474-1A3956D46DE8}") = "Components", "Components", "{6B63C226-366E-47B2-AB6C-3D493A5D5FC3}"
EndProject
Project("{2150E333-8FDC-42A3-9474-1A3956D46DE8}") = "3rd Party Dictionaries", "3rd Party Dictionaries", "{6D660198-5C65-46AD-97C7-B32EA6FF75BB}"
EndProject
Project("{2150E333-8FDC-42A3-9474-1A3956D46DE8}") = "Web BETA", "Web BETA", "{592CD66A-ECBD-4B5C-A4B7-B6445B0807D0}"
EndProject
Project("{F184B08F-C81C-45F6-A57F-5ABD9991F28F}") = "i00SpellCheck", "i00SpellCheck\i00SpellCheck.vbproj", "{27D0D9B3-719C-46B7-9F03-3F91E82E7436}"
EndProject
Project("{F184B08F-C81C-45F6-A57F-5ABD9991F28F}") = "Test", "Tests\Test\Test.vbproj", "{6ECCAF00-D965-4402-984D-284735FAFF2E}"
EndProject
Project("{F184B08F-C81C-45F6-A57F-5ABD9991F28F}") = "BasicTest", "Tests\BasicTest\BasicTest.vbproj", "{00282E00-2860-455F-873B-8EFA07F42AD5}"
EndProject
Project("{F184B08F-C81C-45F6-A57F-5ABD9991F28F}") = "LabelPlugin", "Plugins\LabelPlugin\LabelPlugin.vbproj", "{0812402A-DBD8-4DC2-9886-2AF9075E9F1D}"
EndProject
Project("{F184B08F-C81C-45F6-A57F-5ABD9991F28F}") = "FastColoredTextBoxPlugin", "Plugins\3rd Party\FastColoredTextBoxPlugin\FastColoredTextBoxPlugin.vbproj", "{D640FBFD-A239-4E43-9818-ECBB9F7A09F3}"
EndProject
Project("{F184B08F-C81C-45F6-A57F-5ABD9991F28F}") = "i00BindingList", "Components\i00BindingList\i00BindingList.vbproj", "{1A3066D9-B48C-4EC1-AC93-4B0BBE5AA812}"
EndProject
Project("{F184B08F-C81C-45F6-A57F-5ABD9991F28F}") = "TextBoxSpeechRecognition", "Plugins\TextBoxSpeechRecognition\TextBoxSpeechRecognition.vbproj", "{853E73A8-4419-40B4-8E3E-DE506B57902C}"
EndProject
Project("{F184B08F-C81C-45F6-A57F-5ABD9991F28F}") = "OpenOfficeHunspellDictionaryTest", "Tests\OpenOfficeHunspellDictionaryTest\OpenOfficeHunspellDictionaryTest.vbproj", "{5003A290-E1B5-467E-B55F-46CEBC30BFCF}"
EndProject
Project("{FAE04EC0-301F-11D3-BF4B-00C04F79EFBC}") = "CSharpTest", "Tests\CSharpTest\CSharpTest.csproj", "{2E6C12F6-6842-4AE8-8F95-FDC9A77B1905}"
EndProject
Project("{F184B08F-C81C-45F6-A57F-5ABD9991F28F}") = "PrefMon", "Components\PrefMon\PrefMon.vbproj", "{2CB74250-44C6-4ABB-9CC0-9292387B87B5}"
EndProject
Project("{F184B08F-C81C-45F6-A57F-5ABD9991F28F}") = "TextBoxPrinter", "Plugins\TextBoxPrinter\TextBoxPrinter.vbproj", "{BE14E758-924E-4508-BCD3-1E5407919C04}"
EndProject
Project("{F184B08F-C81C-45F6-A57F-5ABD9991F28F}") = "OSControlRenderer", "Plugins\OSControlRenderer\OSControlRenderer.vbproj", "{FF072E34-C0B6-4CC9-BA0B-9D339E33C9A4}"
EndProject
Project("{F184B08F-C81C-45F6-A57F-5ABD9991F28F}") = "SelectedControlHighlight", "Plugins\SelectedControlHighlight\SelectedControlHighlight.vbproj", "{3A1D6FFB-6D26-4005-818F-12B087EADFD0}"
EndProject
Project("{F184B08F-C81C-45F6-A57F-5ABD9991F28F}") = "TextBoxTranslator", "Plugins\TextBoxTranslator\TextBoxTranslator.vbproj", "{2DD0CEDA-191E-43E0-9FC4-E201FE39991D}"
EndProject
Project("{F184B08F-C81C-45F6-A57F-5ABD9991F28F}") = "HanksDictionaryTest", "Tests\HanksDictionaryTest\HanksDictionaryTest.vbproj", "{A3BFB821-6609-42D8-825B-11BC618E542B}"
EndProject
Project("{F184B08F-C81C-45F6-A57F-5ABD9991F28F}") = "WordDictionaryTest", "Tests\WordDictionaryTest\WordDictionaryTest.vbproj", "{FF4B6CF7-59DB-401D-9B36-FB129C4BF9F6}"
EndProject
Project("{F184B08F-C81C-45F6-A57F-5ABD9991F28F}") = "WebpageImplementation", "Web\WebpageImplementation\WebpageImplementation.vbproj", "{35A2E9E1-69EF-40C7-BD88-409E5C55D7D3}"
EndProject
Project("{F184B08F-C81C-45F6-A57F-5ABD9991F28F}") = "KonamiCode", "Plugins\KonamiCode\KonamiCode.vbproj", "{37B1A256-FFF8-4C5C-9271-E66C89036EC5}"
EndProject
Global
	GlobalSection(SolutionConfigurationPlatforms) = preSolution
		Debug|Any CPU = Debug|Any CPU
		Release|Any CPU = Release|Any CPU
	EndGlobalSection
	GlobalSection(ProjectConfigurationPlatforms) = postSolution
		{27D0D9B3-719C-46B7-9F03-3F91E82E7436}.Debug|Any CPU.ActiveCfg = Debug|Any CPU
		{27D0D9B3-719C-46B7-9F03-3F91E82E7436}.Debug|Any CPU.Build.0 = Debug|Any CPU
		{27D0D9B3-719C-46B7-9F03-3F91E82E7436}.Release|Any CPU.ActiveCfg = Release|Any CPU
		{27D0D9B3-719C-46B7-9F03-3F91E82E7436}.Release|Any CPU.Build.0 = Release|Any CPU
		{6ECCAF00-D965-4402-984D-284735FAFF2E}.Debug|Any CPU.ActiveCfg = Debug|Any CPU
		{6ECCAF00-D965-4402-984D-284735FAFF2E}.Debug|Any CPU.Build.0 = Debug|Any CPU
		{6ECCAF00-D965-4402-984D-284735FAFF2E}.Release|Any CPU.ActiveCfg = Release|Any CPU
		{6ECCAF00-D965-4402-984D-284735FAFF2E}.Release|Any CPU.Build.0 = Release|Any CPU
		{00282E00-2860-455F-873B-8EFA07F42AD5}.Debug|Any CPU.ActiveCfg = Debug|Any CPU
		{00282E00-2860-455F-873B-8EFA07F42AD5}.Debug|Any CPU.Build.0 = Debug|Any CPU
		{00282E00-2860-455F-873B-8EFA07F42AD5}.Release|Any CPU.ActiveCfg = Release|Any CPU
		{00282E00-2860-455F-873B-8EFA07F42AD5}.Release|Any CPU.Build.0 = Release|Any CPU
		{0812402A-DBD8-4DC2-9886-2AF9075E9F1D}.Debug|Any CPU.ActiveCfg = Debug|Any CPU
		{0812402A-DBD8-4DC2-9886-2AF9075E9F1D}.Debug|Any CPU.Build.0 = Debug|Any CPU
		{0812402A-DBD8-4DC2-9886-2AF9075E9F1D}.Release|Any CPU.ActiveCfg = Release|Any CPU
		{0812402A-DBD8-4DC2-9886-2AF9075E9F1D}.Release|Any CPU.Build.0 = Release|Any CPU
		{D640FBFD-A239-4E43-9818-ECBB9F7A09F3}.Debug|Any CPU.ActiveCfg = Debug|Any CPU
		{D640FBFD-A239-4E43-9818-ECBB9F7A09F3}.Debug|Any CPU.Build.0 = Debug|Any CPU
		{D640FBFD-A239-4E43-9818-ECBB9F7A09F3}.Release|Any CPU.ActiveCfg = Release|Any CPU
		{D640FBFD-A239-4E43-9818-ECBB9F7A09F3}.Release|Any CPU.Build.0 = Release|Any CPU
		{1A3066D9-B48C-4EC1-AC93-4B0BBE5AA812}.Debug|Any CPU.ActiveCfg = Debug|Any CPU
		{1A3066D9-B48C-4EC1-AC93-4B0BBE5AA812}.Debug|Any CPU.Build.0 = Debug|Any CPU
		{1A3066D9-B48C-4EC1-AC93-4B0BBE5AA812}.Release|Any CPU.ActiveCfg = Release|Any CPU
		{1A3066D9-B48C-4EC1-AC93-4B0BBE5AA812}.Release|Any CPU.Build.0 = Release|Any CPU
		{853E73A8-4419-40B4-8E3E-DE506B57902C}.Debug|Any CPU.ActiveCfg = Debug|Any CPU
		{853E73A8-4419-40B4-8E3E-DE506B57902C}.Debug|Any CPU.Build.0 = Debug|Any CPU
		{853E73A8-4419-40B4-8E3E-DE506B57902C}.Release|Any CPU.ActiveCfg = Release|Any CPU
		{853E73A8-4419-40B4-8E3E-DE506B57902C}.Release|Any CPU.Build.0 = Release|Any CPU
		{5003A290-E1B5-467E-B55F-46CEBC30BFCF}.Debug|Any CPU.ActiveCfg = Debug|Any CPU
		{5003A290-E1B5-467E-B55F-46CEBC30BFCF}.Debug|Any CPU.Build.0 = Debug|Any CPU
		{5003A290-E1B5-467E-B55F-46CEBC30BFCF}.Release|Any CPU.ActiveCfg = Release|Any CPU
		{5003A290-E1B5-467E-B55F-46CEBC30BFCF}.Release|Any CPU.Build.0 = Release|Any CPU
		{2E6C12F6-6842-4AE8-8F95-FDC9A77B1905}.Debug|Any CPU.ActiveCfg = Debug|Any CPU
		{2E6C12F6-6842-4AE8-8F95-FDC9A77B1905}.Debug|Any CPU.Build.0 = Debug|Any CPU
		{2E6C12F6-6842-4AE8-8F95-FDC9A77B1905}.Release|Any CPU.ActiveCfg = Release|Any CPU
		{2E6C12F6-6842-4AE8-8F95-FDC9A77B1905}.Release|Any CPU.Build.0 = Release|Any CPU
		{2CB74250-44C6-4ABB-9CC0-9292387B87B5}.Debug|Any CPU.ActiveCfg = Debug|Any CPU
		{2CB74250-44C6-4ABB-9CC0-9292387B87B5}.Debug|Any CPU.Build.0 = Debug|Any CPU
		{2CB74250-44C6-4ABB-9CC0-9292387B87B5}.Release|Any CPU.ActiveCfg = Release|Any CPU
		{2CB74250-44C6-4ABB-9CC0-9292387B87B5}.Release|Any CPU.Build.0 = Release|Any CPU
		{BE14E758-924E-4508-BCD3-1E5407919C04}.Debug|Any CPU.ActiveCfg = Debug|Any CPU
		{BE14E758-924E-4508-BCD3-1E5407919C04}.Debug|Any CPU.Build.0 = Debug|Any CPU
		{BE14E758-924E-4508-BCD3-1E5407919C04}.Release|Any CPU.ActiveCfg = Release|Any CPU
		{BE14E758-924E-4508-BCD3-1E5407919C04}.Release|Any CPU.Build.0 = Release|Any CPU
		{FF072E34-C0B6-4CC9-BA0B-9D339E33C9A4}.Debug|Any CPU.ActiveCfg = Debug|Any CPU
		{FF072E34-C0B6-4CC9-BA0B-9D339E33C9A4}.Debug|Any CPU.Build.0 = Debug|Any CPU
		{FF072E34-C0B6-4CC9-BA0B-9D339E33C9A4}.Release|Any CPU.ActiveCfg = Release|Any CPU
		{FF072E34-C0B6-4CC9-BA0B-9D339E33C9A4}.Release|Any CPU.Build.0 = Release|Any CPU
		{3A1D6FFB-6D26-4005-818F-12B087EADFD0}.Debug|Any CPU.ActiveCfg = Debug|Any CPU
		{3A1D6FFB-6D26-4005-818F-12B087EADFD0}.Debug|Any CPU.Build.0 = Debug|Any CPU
		{3A1D6FFB-6D26-4005-818F-12B087EADFD0}.Release|Any CPU.ActiveCfg = Release|Any CPU
		{3A1D6FFB-6D26-4005-818F-12B087EADFD0}.Release|Any CPU.Build.0 = Release|Any CPU
		{2DD0CEDA-191E-43E0-9FC4-E201FE39991D}.Debug|Any CPU.ActiveCfg = Debug|Any CPU
		{2DD0CEDA-191E-43E0-9FC4-E201FE39991D}.Debug|Any CPU.Build.0 = Debug|Any CPU
		{2DD0CEDA-191E-43E0-9FC4-E201FE39991D}.Release|Any CPU.ActiveCfg = Release|Any CPU
		{2DD0CEDA-191E-43E0-9FC4-E201FE39991D}.Release|Any CPU.Build.0 = Release|Any CPU
		{A3BFB821-6609-42D8-825B-11BC618E542B}.Debug|Any CPU.ActiveCfg = Debug|Any CPU
		{A3BFB821-6609-42D8-825B-11BC618E542B}.Debug|Any CPU.Build.0 = Debug|Any CPU
		{A3BFB821-6609-42D8-825B-11BC618E542B}.Release|Any CPU.ActiveCfg = Release|Any CPU
		{A3BFB821-6609-42D8-825B-11BC618E542B}.Release|Any CPU.Build.0 = Release|Any CPU
		{FF4B6CF7-59DB-401D-9B36-FB129C4BF9F6}.Debug|Any CPU.ActiveCfg = Debug|Any CPU
		{FF4B6CF7-59DB-401D-9B36-FB129C4BF9F6}.Debug|Any CPU.Build.0 = Debug|Any CPU
		{FF4B6CF7-59DB-401D-9B36-FB129C4BF9F6}.Release|Any CPU.ActiveCfg = Release|Any CPU
		{FF4B6CF7-59DB-401D-9B36-FB129C4BF9F6}.Release|Any CPU.Build.0 = Release|Any CPU
		{35A2E9E1-69EF-40C7-BD88-409E5C55D7D3}.Debug|Any CPU.ActiveCfg = Debug|Any CPU
		{35A2E9E1-69EF-40C7-BD88-409E5C55D7D3}.Debug|Any CPU.Build.0 = Debug|Any CPU
		{35A2E9E1-69EF-40C7-BD88-409E5C55D7D3}.Release|Any CPU.ActiveCfg = Release|Any CPU
		{35A2E9E1-69EF-40C7-BD88-409E5C55D7D3}.Release|Any CPU.Build.0 = Release|Any CPU
		{37B1A256-FFF8-4C5C-9271-E66C89036EC5}.Debug|Any CPU.ActiveCfg = Debug|Any CPU
		{37B1A256-FFF8-4C5C-9271-E66C89036EC5}.Debug|Any CPU.Build.0 = Debug|Any CPU
		{37B1A256-FFF8-4C5C-9271-E66C89036EC5}.Release|Any CPU.ActiveCfg = Release|Any CPU
		{37B1A256-FFF8-4C5C-9271-E66C89036EC5}.Release|Any CPU.Build.0 = Release|Any CPU
	EndGlobalSection
	GlobalSection(SolutionProperties) = preSolution
		HideSolutionNode = FALSE
	EndGlobalSection
	GlobalSection(NestedProjects) = preSolution
		{21F66853-0A3A-44D5-A1E7-CB80792B60C6} = {83172D06-C380-4A35-A7D2-AB5528EABF82}
		{6D660198-5C65-46AD-97C7-B32EA6FF75BB} = {F0614080-164C-432D-A632-6175FA27B1E5}
		{6ECCAF00-D965-4402-984D-284735FAFF2E} = {F0614080-164C-432D-A632-6175FA27B1E5}
		{00282E00-2860-455F-873B-8EFA07F42AD5} = {F0614080-164C-432D-A632-6175FA27B1E5}
		{0812402A-DBD8-4DC2-9886-2AF9075E9F1D} = {83172D06-C380-4A35-A7D2-AB5528EABF82}
		{D640FBFD-A239-4E43-9818-ECBB9F7A09F3} = {21F66853-0A3A-44D5-A1E7-CB80792B60C6}
		{1A3066D9-B48C-4EC1-AC93-4B0BBE5AA812} = {6B63C226-366E-47B2-AB6C-3D493A5D5FC3}
		{853E73A8-4419-40B4-8E3E-DE506B57902C} = {83172D06-C380-4A35-A7D2-AB5528EABF82}
		{5003A290-E1B5-467E-B55F-46CEBC30BFCF} = {6D660198-5C65-46AD-97C7-B32EA6FF75BB}
		{2E6C12F6-6842-4AE8-8F95-FDC9A77B1905} = {F0614080-164C-432D-A632-6175FA27B1E5}
		{2CB74250-44C6-4ABB-9CC0-9292387B87B5} = {6B63C226-366E-47B2-AB6C-3D493A5D5FC3}
		{BE14E758-924E-4508-BCD3-1E5407919C04} = {83172D06-C380-4A35-A7D2-AB5528EABF82}
		{FF072E34-C0B6-4CC9-BA0B-9D339E33C9A4} = {83172D06-C380-4A35-A7D2-AB5528EABF82}
		{3A1D6FFB-6D26-4005-818F-12B087EADFD0} = {83172D06-C380-4A35-A7D2-AB5528EABF82}
		{2DD0CEDA-191E-43E0-9FC4-E201FE39991D} = {83172D06-C380-4A35-A7D2-AB5528EABF82}
		{A3BFB821-6609-42D8-825B-11BC618E542B} = {6D660198-5C65-46AD-97C7-B32EA6FF75BB}
		{FF4B6CF7-59DB-401D-9B36-FB129C4BF9F6} = {6D660198-5C65-46AD-97C7-B32EA6FF75BB}
		{35A2E9E1-69EF-40C7-BD88-409E5C55D7D3} = {592CD66A-ECBD-4B5C-A4B7-B6445B0807D0}
		{37B1A256-FFF8-4C5C-9271-E66C89036EC5} = {83172D06-C380-4A35-A7D2-AB5528EABF82}
	EndGlobalSection
EndGlobal
